
Microsoft Visual Studio Solution File, Format Version 12.00
# Visual Studio Version 17
VisualStudioVersion = 17.14.36717.8
MinimumVisualStudioVersion = 10.0.40219.1
Project("{FAE04EC0-301F-11D3-BF4B-00C04F79EFBC}") = "CustomersTask4", "CustomersTask4\CustomersTask4.csproj", "{E776DF33-0016-46F7-9448-C6E285DE1CE2}"
EndProject
Project("{FAE04EC0-301F-11D3-BF4B-00C04F79EFBC}") = "CustomerTaskUnitTest", "CustomerTaskUnitTest\CustomerTaskUnitTest.csproj", "{87505344-3561-4864-84A6-3DF3CFBC92E4}"
EndProject
Project("{FAE04EC0-301F-11D3-BF4B-00C04F79EFBC}") = "SinglR Client", "SinglR Client\SinglR Client.csproj", "{D46DCDBD-4848-4B31-8E5C-ED94C33CADDD}"
EndProject
Project("{E53339B2-1760-4266-BCC7-CA923CBCF16C}") = "docker-compose", "docker-compose.dcproj", "{81DDED9D-158B-E303-5F62-77A2896D2A5A}"
EndProject
Project("{FAE04EC0-301F-11D3-BF4B-00C04F79EFBC}") = "CustomersTask4.AppHost", "CustomersTask4.AppHost\CustomersTask4.AppHost.csproj", "{BE8E03C7-109F-4FC4-82E4-178CEC7D26A3}"
EndProject
Project("{FAE04EC0-301F-11D3-BF4B-00C04F79EFBC}") = "CustomersTask4.ServiceDefaults", "CustomersTask4.ServiceDefaults\CustomersTask4.ServiceDefaults.csproj", "{9C7D7AD3-0914-C6BD-A884-B77D93AFBACE}"
EndProject
Project("{FAE04EC0-301F-11D3-BF4B-00C04F79EFBC}") = "AuthServer", "AuthServer\AuthServer.csproj", "{8C54B43A-B299-845E-30B8-D1618E507BD4}"
EndProject
Project("{FAE04EC0-301F-11D3-BF4B-00C04F79EFBC}") = "Shared", "Shared\Shared.csproj", "{A86AEA4A-1371-4008-8781-ED3015E9981C}"
EndProject
Project("{FAE04EC0-301F-11D3-BF4B-00C04F79EFBC}") = "ApiGateway", "ApiGateway\ApiGateway.csproj", "{ABE66B30-BD47-A7B2-B17B-5BA67959B026}"
EndProject
Project("{FAE04EC0-301F-11D3-BF4B-00C04F79EFBC}") = "GRPCClient", "GRPCClient\GRPCClient.csproj", "{52699950-4A6A-4B8F-BC7A-3EDE574B91DE}"
EndProject
Project("{FAE04EC0-301F-11D3-BF4B-00C04F79EFBC}") = "Shared.gRPC.Contract", "Shared.gRPC.Contract\Shared.gRPC.Contract.csproj", "{C688F6BF-0FE9-40AA-A3A6-47915962F0AE}"
EndProject
Global
	GlobalSection(SolutionConfigurationPlatforms) = preSolution
		Debug|Any CPU = Debug|Any CPU
		Release|Any CPU = Release|Any CPU
	EndGlobalSection
	GlobalSection(ProjectConfigurationPlatforms) = postSolution
		{E776DF33-0016-46F7-9448-C6E285DE1CE2}.Debug|Any CPU.ActiveCfg = Debug|Any CPU
		{E776DF33-0016-46F7-9448-C6E285DE1CE2}.Debug|Any CPU.Build.0 = Debug|Any CPU
		{E776DF33-0016-46F7-9448-C6E285DE1CE2}.Release|Any CPU.ActiveCfg = Release|Any CPU
		{E776DF33-0016-46F7-9448-C6E285DE1CE2}.Release|Any CPU.Build.0 = Release|Any CPU
		{87505344-3561-4864-84A6-3DF3CFBC92E4}.Debug|Any CPU.ActiveCfg = Debug|Any CPU
		{87505344-3561-4864-84A6-3DF3CFBC92E4}.Debug|Any CPU.Build.0 = Debug|Any CPU
		{87505344-3561-4864-84A6-3DF3CFBC92E4}.Release|Any CPU.ActiveCfg = Release|Any CPU
		{87505344-3561-4864-84A6-3DF3CFBC92E4}.Release|Any CPU.Build.0 = Release|Any CPU
		{D46DCDBD-4848-4B31-8E5C-ED94C33CADDD}.Debug|Any CPU.ActiveCfg = Debug|Any CPU
		{D46DCDBD-4848-4B31-8E5C-ED94C33CADDD}.Debug|Any CPU.Build.0 = Debug|Any CPU
		{D46DCDBD-4848-4B31-8E5C-ED94C33CADDD}.Release|Any CPU.ActiveCfg = Release|Any CPU
		{D46DCDBD-4848-4B31-8E5C-ED94C33CADDD}.Release|Any CPU.Build.0 = Release|Any CPU
		{81DDED9D-158B-E303-5F62-77A2896D2A5A}.Debug|Any CPU.ActiveCfg = Debug|Any CPU
		{81DDED9D-158B-E303-5F62-77A2896D2A5A}.Debug|Any CPU.Build.0 = Debug|Any CPU
		{81DDED9D-158B-E303-5F62-77A2896D2A5A}.Release|Any CPU.ActiveCfg = Release|Any CPU
		{81DDED9D-158B-E303-5F62-77A2896D2A5A}.Release|Any CPU.Build.0 = Release|Any CPU
		{BE8E03C7-109F-4FC4-82E4-178CEC7D26A3}.Debug|Any CPU.ActiveCfg = Debug|Any CPU
		{BE8E03C7-109F-4FC4-82E4-178CEC7D26A3}.Debug|Any CPU.Build.0 = Debug|Any CPU
		{BE8E03C7-109F-4FC4-82E4-178CEC7D26A3}.Release|Any CPU.ActiveCfg = Release|Any CPU
		{BE8E03C7-109F-4FC4-82E4-178CEC7D26A3}.Release|Any CPU.Build.0 = Release|Any CPU
		{9C7D7AD3-0914-C6BD-A884-B77D93AFBACE}.Debug|Any CPU.ActiveCfg = Debug|Any CPU
		{9C7D7AD3-0914-C6BD-A884-B77D93AFBACE}.Debug|Any CPU.Build.0 = Debug|Any CPU
		{9C7D7AD3-0914-C6BD-A884-B77D93AFBACE}.Release|Any CPU.ActiveCfg = Release|Any CPU
		{9C7D7AD3-0914-C6BD-A884-B77D93AFBACE}.Release|Any CPU.Build.0 = Release|Any CPU
		{8C54B43A-B299-845E-30B8-D1618E507BD4}.Debug|Any CPU.ActiveCfg = Debug|Any CPU
		{8C54B43A-B299-845E-30B8-D1618E507BD4}.Debug|Any CPU.Build.0 = Debug|Any CPU
		{8C54B43A-B299-845E-30B8-D1618E507BD4}.Release|Any CPU.ActiveCfg = Release|Any CPU
		{8C54B43A-B299-845E-30B8-D1618E507BD4}.Release|Any CPU.Build.0 = Release|Any CPU
		{A86AEA4A-1371-4008-8781-ED3015E9981C}.Debug|Any CPU.ActiveCfg = Debug|Any CPU
		{A86AEA4A-1371-4008-8781-ED3015E9981C}.Debug|Any CPU.Build.0 = Debug|Any CPU
		{A86AEA4A-1371-4008-8781-ED3015E9981C}.Release|Any CPU.ActiveCfg = Release|Any CPU
		{A86AEA4A-1371-4008-8781-ED3015E9981C}.Release|Any CPU.Build.0 = Release|Any CPU
		{ABE66B30-BD47-A7B2-B17B-5BA67959B026}.Debug|Any CPU.ActiveCfg = Debug|Any CPU
		{ABE66B30-BD47-A7B2-B17B-5BA67959B026}.Debug|Any CPU.Build.0 = Debug|Any CPU
		{ABE66B30-BD47-A7B2-B17B-5BA67959B026}.Release|Any CPU.ActiveCfg = Release|Any CPU
		{ABE66B30-BD47-A7B2-B17B-5BA67959B026}.Release|Any CPU.Build.0 = Release|Any CPU
		{52699950-4A6A-4B8F-BC7A-3EDE574B91DE}.Debug|Any CPU.ActiveCfg = Debug|Any CPU
		{52699950-4A6A-4B8F-BC7A-3EDE574B91DE}.Debug|Any CPU.Build.0 = Debug|Any CPU
		{52699950-4A6A-4B8F-BC7A-3EDE574B91DE}.Release|Any CPU.ActiveCfg = Release|Any CPU
		{52699950-4A6A-4B8F-BC7A-3EDE574B91DE}.Release|Any CPU.Build.0 = Release|Any CPU
		{C688F6BF-0FE9-40AA-A3A6-47915962F0AE}.Debug|Any CPU.ActiveCfg = Debug|Any CPU
		{C688F6BF-0FE9-40AA-A3A6-47915962F0AE}.Debug|Any CPU.Build.0 = Debug|Any CPU
		{C688F6BF-0FE9-40AA-A3A6-47915962F0AE}.Release|Any CPU.ActiveCfg = Release|Any CPU
		{C688F6BF-0FE9-40AA-A3A6-47915962F0AE}.Release|Any CPU.Build.0 = Release|Any CPU
	EndGlobalSection
	GlobalSection(SolutionProperties) = preSolution
		HideSolutionNode = FALSE
	EndGlobalSection
	GlobalSection(ExtensibilityGlobals) = postSolution
		SolutionGuid = {7C096416-572C-41AA-BDD8-4E234B69837B}
	EndGlobalSection
EndGlobal
